
Microsoft Visual Studio Solution File, Format Version 12.00
# Visual Studio Version 17
VisualStudioVersion = 17.2.32505.173
MinimumVisualStudioVersion = 10.0.40219.1
Project("{FAE04EC0-301F-11D3-BF4B-00C04F79EFBC}") = "Lab6 q1", "Lab6 q1\Lab6 q1.csproj", "{699EA45B-1EF0-4E63-AA8A-90ED6F3A5488}"
EndProject
Global
	GlobalSection(SolutionConfigurationPlatforms) = preSolution
		Debug|Any CPU = Debug|Any CPU
		Release|Any CPU = Release|Any CPU
	EndGlobalSection
	GlobalSection(ProjectConfigurationPlatforms) = postSolution
		{699EA45B-1EF0-4E63-AA8A-90ED6F3A5488}.Debug|Any CPU.ActiveCfg = Debug|Any CPU
		{699EA45B-1EF0-4E63-AA8A-90ED6F3A5488}.Debug|Any CPU.Build.0 = Debug|Any CPU
		{699EA45B-1EF0-4E63-AA8A-90ED6F3A5488}.Release|Any CPU.ActiveCfg = Release|Any CPU
		{699EA45B-1EF0-4E63-AA8A-90ED6F3A5488}.Release|Any CPU.Build.0 = Release|Any CPU
	EndGlobalSection
	GlobalSection(SolutionProperties) = preSolution
		HideSolutionNode = FALSE
	EndGlobalSection
	GlobalSection(ExtensibilityGlobals) = postSolution
		SolutionGuid = {D3F604B6-4054-42B1-AFA3-C730DED2156F}
	EndGlobalSection
EndGlobal
